# Generated by pub
# See https://dart.dev/tools/pub/glossary#lockfile
packages:
  _fe_analyzer_shared:
    dependency: transitive
    description:
      name: _fe_analyzer_shared
      sha256: "8d7ff3948166b8ec5da0fbb5962000926b8e02f2ed9b3e51d1738905fbd4c98d"
      url: "https://pub.dev"
    source: hosted
    version: "93.0.0"
  analyzer:
    dependency: transitive
    description:
      name: analyzer
      sha256: de7148ed2fcec579b19f122c1800933dfa028f6d9fd38a152b04b1516cec120b
      url: "https://pub.dev"
    source: hosted
    version: "10.0.1"
  ansicolor:
    dependency: transitive
    description:
      name: ansicolor
      sha256: "50e982d500bc863e1d703448afdbf9e5a72eb48840a4f766fa361ffd6877055f"
      url: "https://pub.dev"
    source: hosted
    version: "2.0.3"
  archive:
    dependency: "direct main"
    description:
      name: archive
      sha256: a96e8b390886ee8abb49b7bd3ac8df6f451c621619f52a26e815fdcf568959ff
      url: "https://pub.dev"
    source: hosted
    version: "4.0.9"
  args:
    dependency: transitive
    description:
      name: args
      sha256: d0481093c50b1da8910eb0bb301626d4d8eb7284aa739614d2b394ee09e3ea04
      url: "https://pub.dev"
    source: hosted
    version: "2.7.0"
  async:
    dependency: transitive
    description:
      name: async
      sha256: "758e6d74e971c3e5aceb4110bfd6698efc7f501675bcfe0c775459a8140750eb"
      url: "https://pub.dev"
    source: hosted
    version: "2.13.0"
  barcode:
    dependency: "direct main"
    description:
      name: barcode
      sha256: "7b6729c37e3b7f34233e2318d866e8c48ddb46c1f7ad01ff7bb2a8de1da2b9f4"
      url: "https://pub.dev"
    source: hosted
    version: "2.2.9"
  bloc:
    dependency: transitive
    description:
      name: bloc
      sha256: a48653a82055a900b88cd35f92429f068c5a8057ae9b136d197b3d56c57efb81
      url: "https://pub.dev"
    source: hosted
    version: "9.2.0"
  bloc_concurrency:
    dependency: "direct main"
    description:
      name: bloc_concurrency
      sha256: "86b7b17a0a78f77fca0d7c030632b59b593b22acea2d96972588f40d4ef53a94"
      url: "https://pub.dev"
    source: hosted
    version: "0.3.0"
  boolean_selector:
    dependency: transitive
    description:
      name: boolean_selector
      sha256: "8aab1771e1243a5063b8b0ff68042d67334e3feab9e95b9490f9a6ebf73b42ea"
      url: "https://pub.dev"
    source: hosted
    version: "2.1.2"
  build:
    dependency: transitive
    description:
      name: build
      sha256: "275bf6bb2a00a9852c28d4e0b410da1d833a734d57d39d44f94bfc895a484ec3"
      url: "https://pub.dev"
    source: hosted
    version: "4.0.4"
  build_cli_annotations:
    dependency: transitive
    description:
      name: build_cli_annotations
      sha256: e563c2e01de8974566a1998410d3f6f03521788160a02503b0b1f1a46c7b3d95
      url: "https://pub.dev"
    source: hosted
    version: "2.1.1"
  build_config:
    dependency: transitive
    description:
      name: build_config
      sha256: "4070d2a59f8eec34c97c86ceb44403834899075f66e8a9d59706f8e7834f6f71"
      url: "https://pub.dev"
    source: hosted
    version: "1.3.0"
  build_daemon:
    dependency: transitive
    description:
      name: build_daemon
      sha256: bf05f6e12cfea92d3c09308d7bcdab1906cd8a179b023269eed00c071004b957
      url: "https://pub.dev"
    source: hosted
    version: "4.1.1"
  build_runner:
    dependency: "direct dev"
    description:
      name: build_runner
      sha256: "3552e5c2874ed47cf9ed9d6813ac71b2276ee07622f48530468b8013f1767e3f"
      url: "https://pub.dev"
    source: hosted
    version: "2.13.0"
  built_collection:
    dependency: transitive
    description:
      name: built_collection
      sha256: "376e3dd27b51ea877c28d525560790aee2e6fbb5f20e2f85d5081027d94e2100"
      url: "https://pub.dev"
    source: hosted
    version: "5.1.1"
  built_value:
    dependency: transitive
    description:
      name: built_value
      sha256: "6ae8a6435a8c6520c7077b107e77f1fb4ba7009633259a4d49a8afd8e7efc5e9"
      url: "https://pub.dev"
    source: hosted
    version: "8.12.4"
  characters:
    dependency: transitive
    description:
      name: characters
      sha256: faf38497bda5ead2a8c7615f4f7939df04333478bf32e4173fcb06d428b5716b
      url: "https://pub.dev"
    source: hosted
    version: "1.4.1"
  checked_yaml:
    dependency: transitive
    description:
      name: checked_yaml
      sha256: "959525d3162f249993882720d52b7e0c833978df229be20702b33d48d91de70f"
      url: "https://pub.dev"
    source: hosted
    version: "2.0.4"
  cli_util:
    dependency: transitive
    description:
      name: cli_util
      sha256: ff6785f7e9e3c38ac98b2fb035701789de90154024a75b6cb926445e83197d1c
      url: "https://pub.dev"
    source: hosted
    version: "0.4.2"
  clock:
    dependency: transitive
    description:
      name: clock
      sha256: fddb70d9b5277016c77a80201021d40a2247104d9f4aa7bab7157b7e3f05b84b
      url: "https://pub.dev"
    source: hosted
    version: "1.1.2"
  code_assets:
    dependency: transitive
    description:
      name: code_assets
      sha256: "83ccdaa064c980b5596c35dd64a8d3ecc68620174ab9b90b6343b753aa721687"
      url: "https://pub.dev"
    source: hosted
    version: "1.0.0"
  code_builder:
    dependency: transitive
    description:
      name: code_builder
      sha256: "6a6cab2ba4680d6423f34a9b972a4c9a94ebe1b62ecec4e1a1f2cba91fd1319d"
      url: "https://pub.dev"
    source: hosted
    version: "4.11.1"
  collection:
    dependency: "direct main"
    description:
      name: collection
      sha256: "2f5709ae4d3d59dd8f7cd309b4e023046b57d8a6c82130785d2b0e5868084e76"
      url: "https://pub.dev"
    source: hosted
    version: "1.19.1"
  console:
    dependency: transitive
    description:
      name: console
      sha256: e04e7824384c5b39389acdd6dc7d33f3efe6b232f6f16d7626f194f6a01ad69a
      url: "https://pub.dev"
    source: hosted
    version: "4.1.0"
  convert:
    dependency: transitive
    description:
      name: convert
      sha256: b30acd5944035672bc15c6b7a8b47d773e41e2f17de064350988c5d02adb1c68
      url: "https://pub.dev"
    source: hosted
    version: "3.1.2"
  cross_file:
    dependency: transitive
    description:
      name: cross_file
      sha256: "28bb3ae56f117b5aec029d702a90f57d285cd975c3c5c281eaca38dbc47c5937"
      url: "https://pub.dev"
    source: hosted
    version: "0.3.5+2"
  crypto:
    dependency: transitive
    description:
      name: crypto
      sha256: c8ea0233063ba03258fbcf2ca4d6dadfefe14f02fab57702265467a19f27fadf
      url: "https://pub.dev"
    source: hosted
    version: "3.0.7"
  cryptography_flutter_plus:
    dependency: "direct main"
    description:
      name: cryptography_flutter_plus
      sha256: "65bc0a78c2104cdb02f4b69e3a03abef093e660d9d9208bc81942b058b49deb2"
      url: "https://pub.dev"
    source: hosted
    version: "3.0.0"
  cryptography_plus:
    dependency: "direct main"
    description:
      name: cryptography_plus
      sha256: edf96fc96518368b11bb1ba33b515f59aa5a55b0aa7533c0e1813399cf81130e
      url: "https://pub.dev"
    source: hosted
    version: "3.0.0"
  dart_leap:
    dependency: transitive
    description:
      path: "packages/dart_leap"
      ref: b7787191b0705ff0a22149409b1b360468d9e06d
      resolved-ref: b7787191b0705ff0a22149409b1b360468d9e06d
      url: "https://github.com/LinwoodDev/dart_pkgs.git"
    source: git
    version: "1.0.0"
  dart_mappable:
    dependency: "direct main"
    description:
      name: dart_mappable
      sha256: "97526bd5e1b1739be5c7379c51d391d074b6bbd109e6e92be49028ecb1a9853c"
      url: "https://pub.dev"
    source: hosted
    version: "4.7.0"
  dart_mappable_builder:
    dependency: "direct dev"
    description:
      name: dart_mappable_builder
      sha256: "6d174a1853c47cf7c1d2a1c80bd56b54f8fd89aa78e0644b6a65860f9af7acf8"
      url: "https://pub.dev"
    source: hosted
    version: "4.7.0"
  dart_style:
    dependency: transitive
    description:
      name: dart_style
      sha256: "29f7ecc274a86d32920b1d9cfc7502fa87220da41ec60b55f329559d5732e2b2"
      url: "https://pub.dev"
    source: hosted
    version: "3.1.7"
  dbus:
    dependency: transitive
    description:
      name: dbus
      sha256: d0c98dcd4f5169878b6cf8f6e0a52403a9dff371a3e2f019697accbf6f44a270
      url: "https://pub.dev"
    source: hosted
    version: "0.7.12"
  device_info_plus:
    dependency: "direct main"
    description:
      name: device_info_plus
      sha256: "4df8babf73058181227e18b08e6ea3520cf5fc5d796888d33b7cb0f33f984b7c"
      url: "https://pub.dev"
    source: hosted
    version: "12.3.0"
  device_info_plus_platform_interface:
    dependency: transitive
    description:
      name: device_info_plus_platform_interface
      sha256: e1ea89119e34903dca74b883d0dd78eb762814f97fb6c76f35e9ff74d261a18f
      url: "https://pub.dev"
    source: hosted
    version: "7.0.3"
  dynamic_color:
    dependency: "direct main"
    description:
      name: dynamic_color
      sha256: "43a5a6679649a7731ab860334a5812f2067c2d9ce6452cf069c5e0c25336c17c"
      url: "https://pub.dev"
    source: hosted
    version: "1.8.1"
  fake_async:
    dependency: transitive
    description:
      name: fake_async
      sha256: "5368f224a74523e8d2e7399ea1638b37aecfca824a3cc4dfdf77bf1fa905ac44"
      url: "https://pub.dev"
    source: hosted
    version: "1.3.3"
  ffi:
    dependency: transitive
    description:
      name: ffi
      sha256: "6d7fd89431262d8f3125e81b50d3847a091d846eafcd4fdb88dd06f36d705a45"
      url: "https://pub.dev"
    source: hosted
    version: "2.2.0"
  file:
    dependency: transitive
    description:
      name: file
      sha256: a3b4f84adafef897088c160faf7dfffb7696046cb13ae90b508c2cbc95d3b8d4
      url: "https://pub.dev"
    source: hosted
    version: "7.0.1"
  file_picker:
    dependency: transitive
    description:
      name: file_picker
      sha256: "57d9a1dd5063f85fa3107fb42d1faffda52fdc948cefd5fe5ea85267a5fc7343"
      url: "https://pub.dev"
    source: hosted
    version: "10.3.10"
  file_selector:
    dependency: "direct main"
    description:
      name: file_selector
      sha256: bd15e43e9268db636b53eeaca9f56324d1622af30e5c34d6e267649758c84d9a
      url: "https://pub.dev"
    source: hosted
    version: "1.1.0"
  file_selector_android:
    dependency: transitive
    description:
      name: file_selector_android
      sha256: "51e8fd0446de75e4b62c065b76db2210c704562d072339d333bd89c57a7f8a7c"
      url: "https://pub.dev"
    source: hosted
    version: "0.5.2+4"
  file_selector_ios:
    dependency: transitive
    description:
      name: file_selector_ios
      sha256: e2ecf2885c121691ce13b60db3508f53c01f869fb6e8dc5c1cfa771e4c46aeca
      url: "https://pub.dev"
    source: hosted
    version: "0.5.3+5"
  file_selector_linux:
    dependency: transitive
    description:
      name: file_selector_linux
      sha256: "2567f398e06ac72dcf2e98a0c95df2a9edd03c2c2e0cacd4780f20cdf56263a0"
      url: "https://pub.dev"
    source: hosted
    version: "0.9.4"
  file_selector_macos:
    dependency: transitive
    description:
      name: file_selector_macos
      sha256: "5e0bbe9c312416f1787a68259ea1505b52f258c587f12920422671807c4d618a"
      url: "https://pub.dev"
    source: hosted
    version: "0.9.5"
  file_selector_platform_interface:
    dependency: transitive
    description:
      name: file_selector_platform_interface
      sha256: "35e0bd61ebcdb91a3505813b055b09b79dfdc7d0aee9c09a7ba59ae4bb13dc85"
      url: "https://pub.dev"
    source: hosted
    version: "2.7.0"
  file_selector_web:
    dependency: transitive
    description:
      name: file_selector_web
      sha256: c4c0ea4224d97a60a7067eca0c8fd419e708ff830e0c83b11a48faf566cec3e7
      url: "https://pub.dev"
    source: hosted
    version: "0.9.4+2"
  file_selector_windows:
    dependency: transitive
    description:
      name: file_selector_windows
      sha256: "62197474ae75893a62df75939c777763d39c2bc5f73ce5b88497208bc269abfd"
      url: "https://pub.dev"
    source: hosted
    version: "0.9.3+5"
  fixnum:
    dependency: transitive
    description:
      name: fixnum
      sha256: b6dc7065e46c974bc7c5f143080a6764ec7a4be6da1285ececdc37be96de53be
      url: "https://pub.dev"
    source: hosted
    version: "1.1.1"
  flame:
    dependency: "direct main"
    description:
      name: flame
      sha256: "78c87c34d512f5dd5b69bda823bf31a9f53b27cf319b5326b788f0ec93cbd0b3"
      url: "https://pub.dev"
    source: hosted
    version: "1.36.0"
  flame_bloc:
    dependency: "direct main"
    description:
      name: flame_bloc
      sha256: "1da7538fd5e2b05c3db8e117e7739959c7485b1f2c14c89d39d549f51e30621b"
      url: "https://pub.dev"
    source: hosted
    version: "1.12.22"
  flame_tiled:
    dependency: "direct main"
    description:
      name: flame_tiled
      sha256: a93303d0a13fd45fe1b1c5f48d08d2a726fac09dac5e0f3314d16b2c06a93f8c
      url: "https://pub.dev"
    source: hosted
    version: "3.1.0"
  flex_color_scheme:
    dependency: "direct main"
    description:
      name: flex_color_scheme
      sha256: ab854146f201d2d62cc251fd525ef023b84182c4a0bfe4ae4c18ffc505b412d3
      url: "https://pub.dev"
    source: hosted
    version: "8.4.0"
  flex_seed_scheme:
    dependency: transitive
    description:
      name: flex_seed_scheme
      sha256: a3183753bbcfc3af106224bff3ab3e1844b73f58062136b7499919f49f3667e7
      url: "https://pub.dev"
    source: hosted
    version: "4.0.1"
  flutter:
    dependency: "direct main"
    description: flutter
    source: sdk
    version: "0.0.0"
  flutter_bloc:
    dependency: "direct main"
    description:
      name: flutter_bloc
      sha256: cf51747952201a455a1c840f8171d273be009b932c75093020f9af64f2123e38
      url: "https://pub.dev"
    source: hosted
    version: "9.1.1"
  flutter_highlight:
    dependency: transitive
    description:
      name: flutter_highlight
      sha256: "7b96333867aa07e122e245c033b8ad622e4e3a42a1a2372cbb098a2541d8782c"
      url: "https://pub.dev"
    source: hosted
    version: "0.7.0"
  flutter_lints:
    dependency: "direct dev"
    description:
      name: flutter_lints
      sha256: "3105dc8492f6183fb076ccf1f351ac3d60564bff92e20bfc4af9cc1651f4e7e1"
      url: "https://pub.dev"
    source: hosted
    version: "6.0.0"
  flutter_localizations:
    dependency: "direct main"
    description: flutter
    source: sdk
    version: "0.0.0"
  flutter_localized_locales:
    dependency: "direct main"
    description:
      name: flutter_localized_locales
      sha256: "478d10535edf07292e34cb4c757882edeeaf96d5e3dbb04b42733038bd41dd3f"
      url: "https://pub.dev"
    source: hosted
    version: "2.0.5"
  flutter_plugin_android_lifecycle:
    dependency: transitive
    description:
      name: flutter_plugin_android_lifecycle
      sha256: ee8068e0e1cd16c4a82714119918efdeed33b3ba7772c54b5d094ab53f9b7fd1
      url: "https://pub.dev"
    source: hosted
    version: "2.0.33"
  flutter_rust_bridge:
    dependency: transitive
    description:
      name: flutter_rust_bridge
      sha256: "37ef40bc6f863652e865f0b2563ea07f0d3c58d8efad803cc01933a4b2ee067e"
      url: "https://pub.dev"
    source: hosted
    version: "2.11.1"
  flutter_secure_storage:
    dependency: "direct main"
    description:
      name: flutter_secure_storage
      sha256: da922f2aab2d733db7e011a6bcc4a825b844892d4edd6df83ff156b09a9b2e40
      url: "https://pub.dev"
    source: hosted
    version: "10.0.0"
  flutter_secure_storage_darwin:
    dependency: transitive
    description:
      name: flutter_secure_storage_darwin
      sha256: "8878c25136a79def1668c75985e8e193d9d7d095453ec28730da0315dc69aee3"
      url: "https://pub.dev"
    source: hosted
    version: "0.2.0"
  flutter_secure_storage_linux:
    dependency: transitive
    description:
      name: flutter_secure_storage_linux
      sha256: "2b5c76dce569ab752d55a1cee6a2242bcc11fdba927078fb88c503f150767cda"
      url: "https://pub.dev"
    source: hosted
    version: "3.0.0"
  flutter_secure_storage_platform_interface:
    dependency: transitive
    description:
      name: flutter_secure_storage_platform_interface
      sha256: "8ceea1223bee3c6ac1a22dabd8feefc550e4729b3675de4b5900f55afcb435d6"
      url: "https://pub.dev"
    source: hosted
    version: "2.0.1"
  flutter_secure_storage_web:
    dependency: transitive
    description:
      name: flutter_secure_storage_web
      sha256: "6a1137df62b84b54261dca582c1c09ea72f4f9a4b2fcee21b025964132d5d0c3"
      url: "https://pub.dev"
    source: hosted
    version: "2.1.0"
  flutter_secure_storage_windows:
    dependency: transitive
    description:
      name: flutter_secure_storage_windows
      sha256: "3b7c8e068875dfd46719ff57c90d8c459c87f2302ed6b00ff006b3c9fcad1613"
      url: "https://pub.dev"
    source: hosted
    version: "4.1.0"
  flutter_svg:
    dependency: "direct main"
    description:
      name: flutter_svg
      sha256: "1ded017b39c8e15c8948ea855070a5ff8ff8b3d5e83f3446e02d6bb12add7ad9"
      url: "https://pub.dev"
    source: hosted
    version: "2.2.4"
  flutter_test:
    dependency: "direct dev"
    description: flutter
    source: sdk
    version: "0.0.0"
  flutter_web_plugins:
    dependency: "direct main"
    description: flutter
    source: sdk
    version: "0.0.0"
  get_it:
    dependency: transitive
    description:
      name: get_it
      sha256: "568d62f0e68666fb5d95519743b3c24a34c7f19d834b0658c46e26d778461f66"
      url: "https://pub.dev"
    source: hosted
    version: "9.2.1"
  glob:
    dependency: transitive
    description:
      name: glob
      sha256: c3f1ee72c96f8f78935e18aa8cecced9ab132419e8625dc187e1c2408efc20de
      url: "https://pub.dev"
    source: hosted
    version: "2.1.3"
  go_router:
    dependency: "direct main"
    description:
      name: go_router
      sha256: "7974313e217a7771557add6ff2238acb63f635317c35fa590d348fb238f00896"
      url: "https://pub.dev"
    source: hosted
    version: "17.1.0"
  graphs:
    dependency: transitive
    description:
      name: graphs
      sha256: "741bbf84165310a68ff28fe9e727332eef1407342fca52759cb21ad8177bb8d0"
      url: "https://pub.dev"
    source: hosted
    version: "2.3.2"
  highlight:
    dependency: transitive
    description:
      name: highlight
      sha256: "5353a83ffe3e3eca7df0abfb72dcf3fa66cc56b953728e7113ad4ad88497cf21"
      url: "https://pub.dev"
    source: hosted
    version: "0.7.0"
  hooks:
    dependency: transitive
    description:
      name: hooks
      sha256: e79ed1e8e1929bc6ecb6ec85f0cb519c887aa5b423705ded0d0f2d9226def388
      url: "https://pub.dev"
    source: hosted
    version: "1.0.2"
  http:
    dependency: "direct main"
    description:
      name: http
      sha256: "87721a4a50b19c7f1d49001e51409bddc46303966ce89a65af4f4e6004896412"
      url: "https://pub.dev"
    source: hosted
    version: "1.6.0"
  http_multi_server:
    dependency: transitive
    description:
      name: http_multi_server
      sha256: aa6199f908078bb1c5efb8d8638d4ae191aac11b311132c3ef48ce352fb52ef8
      url: "https://pub.dev"
    source: hosted
    version: "3.2.2"
  http_parser:
    dependency: transitive
    description:
      name: http_parser
      sha256: "178d74305e7866013777bab2c3d8726205dc5a4dd935297175b19a23a2e66571"
      url: "https://pub.dev"
    source: hosted
    version: "4.1.2"
  idb_shim:
    dependency: "direct main"
    description:
      name: idb_shim
      sha256: c90326de4ac243c3e021af01f6800035047e1a2ee042156dfa0f420c2db35577
      url: "https://pub.dev"
    source: hosted
    version: "2.8.4+1"
  image:
    dependency: transitive
    description:
      name: image
      sha256: f9881ff4998044947ec38d098bc7c8316ae1186fa786eddffdb867b9bc94dfce
      url: "https://pub.dev"
    source: hosted
    version: "4.8.0"
  intl:
    dependency: "direct main"
    description:
      name: intl
      sha256: "3df61194eb431efc39c4ceba583b95633a403f46c9fd341e550ce0bfa50e9aa5"
      url: "https://pub.dev"
    source: hosted
    version: "0.20.2"
  io:
    dependency: transitive
    description:
      name: io
      sha256: dfd5a80599cf0165756e3181807ed3e77daf6dd4137caaad72d0b7931597650b
      url: "https://pub.dev"
    source: hosted
    version: "1.0.5"
  json_annotation:
    dependency: transitive
    description:
      name: json_annotation
      sha256: cb09e7dac6210041fad964ed7fbee004f14258b4eca4040f72d1234062ace4c8
      url: "https://pub.dev"
    source: hosted
    version: "4.11.0"
  leak_tracker:
    dependency: transitive
    description:
      name: leak_tracker
      sha256: "33e2e26bdd85a0112ec15400c8cbffea70d0f9c3407491f672a2fad47915e2de"
      url: "https://pub.dev"
    source: hosted
    version: "11.0.2"
  leak_tracker_flutter_testing:
    dependency: transitive
    description:
      name: leak_tracker_flutter_testing
      sha256: "1dbc140bb5a23c75ea9c4811222756104fbcd1a27173f0c34ca01e16bea473c1"
      url: "https://pub.dev"
    source: hosted
    version: "3.0.10"
  leak_tracker_testing:
    dependency: transitive
    description:
      name: leak_tracker_testing
      sha256: "8d5a2d49f4a66b49744b23b018848400d23e54caf9463f4eb20df3eb8acb2eb1"
      url: "https://pub.dev"
    source: hosted
    version: "3.0.2"
  lints:
    dependency: transitive
    description:
      name: lints
      sha256: "12f842a479589fea194fe5c5a3095abc7be0c1f2ddfa9a0e76aed1dbd26a87df"
      url: "https://pub.dev"
    source: hosted
    version: "6.1.0"
  logging:
    dependency: transitive
    description:
      name: logging
      sha256: c8245ada5f1717ed44271ed1c26b8ce85ca3228fd2ffdb75468ab01979309d61
      url: "https://pub.dev"
    source: hosted
    version: "1.3.0"
  lw_file_system:
    dependency: "direct main"
    description:
      path: "packages/lw_file_system"
      ref: fadf61fcea99010011551f43d8a92251fc8c91ee
      resolved-ref: fadf61fcea99010011551f43d8a92251fc8c91ee
      url: "https://github.com/LinwoodDev/dart_pkgs.git"
    source: git
    version: "1.0.0"
  lw_file_system_api:
    dependency: transitive
    description:
      path: "packages/lw_file_system_api"
      ref: "6bb33189fcc30c211ceb7c6bcfd015732b0f8b6d"
      resolved-ref: "6bb33189fcc30c211ceb7c6bcfd015732b0f8b6d"
      url: "https://github.com/LinwoodDev/dart_pkgs.git"
    source: git
    version: "1.0.0"
  lw_sysapi:
    dependency: "direct main"
    description:
      path: "packages/lw_sysapi"
      ref: "38fd0a6df52bf4115a6926271734d36e601af9cf"
      resolved-ref: "38fd0a6df52bf4115a6926271734d36e601af9cf"
      url: "https://github.com/LinwoodDev/dart_pkgs.git"
    source: git
    version: "0.0.1"
  markdown:
    dependency: "direct main"
    description:
      name: markdown
      sha256: ee85086ad7698b42522c6ad42fe195f1b9898e4d974a1af4576c1a3a176cada9
      url: "https://pub.dev"
    source: hosted
    version: "7.3.1"
  markdown_widget:
    dependency: "direct main"
    description:
      name: markdown_widget
      sha256: b52c13d3ee4d0e60c812e15b0593f142a3b8a2003cde1babb271d001a1dbdc1c
      url: "https://pub.dev"
    source: hosted
    version: "2.3.2+8"
  matcher:
    dependency: transitive
    description:
      name: matcher
      sha256: dc0b7dc7651697ea4ff3e69ef44b0407ea32c487a39fff6a4004fa585e901861
      url: "https://pub.dev"
    source: hosted
    version: "0.12.19"
  material_color_utilities:
    dependency: transitive
    description:
      name: material_color_utilities
      sha256: "9c337007e82b1889149c82ed242ed1cb24a66044e30979c44912381e9be4c48b"
      url: "https://pub.dev"
    source: hosted
    version: "0.13.0"
  material_leap:
    dependency: "direct main"
    description:
      path: "packages/material_leap"
      ref: "2be0e27cf8f9a2166b23dd5a723fc55a47e832a9"
      resolved-ref: "2be0e27cf8f9a2166b23dd5a723fc55a47e832a9"
      url: "https://github.com/LinwoodDev/dart_pkgs.git"
    source: git
    version: "0.0.1"
  meta:
    dependency: transitive
    description:
      name: meta
      sha256: "23f08335362185a5ea2ad3a4e597f1375e78bce8a040df5c600c8d3552ef2394"
      url: "https://pub.dev"
    source: hosted
    version: "1.17.0"
  mime:
    dependency: transitive
    description:
      name: mime
      sha256: "41a20518f0cb1256669420fdba0cd90d21561e560ac240f26ef8322e45bb7ed6"
      url: "https://pub.dev"
    source: hosted
    version: "2.0.0"
  msix:
    dependency: "direct dev"
    description:
      name: msix
      sha256: b6b08e7a7b5d1845f2b1d31216d5b1fb558e98251efefe54eb79ed00d27bc2ac
      url: "https://pub.dev"
    source: hosted
    version: "3.16.13"
  native_toolchain_c:
    dependency: transitive
    description:
      name: native_toolchain_c
      sha256: "6ba77bb18063eebe9de401f5e6437e95e1438af0a87a3a39084fbd37c90df572"
      url: "https://pub.dev"
    source: hosted
    version: "0.17.6"
  nested:
    dependency: transitive
    description:
      name: nested
      sha256: "03bac4c528c64c95c722ec99280375a6f2fc708eec17c7b3f07253b626cd2a20"
      url: "https://pub.dev"
    source: hosted
    version: "1.0.0"
  network_info_plus:
    dependency: "direct main"
    description:
      name: network_info_plus
      sha256: "2866dadcbee2709e20d67737a1556f5675b8b0cdcf2c1659ba74bc21bffede4f"
      url: "https://pub.dev"
    source: hosted
    version: "7.0.0"
  network_info_plus_platform_interface:
    dependency: transitive
    description:
      name: network_info_plus_platform_interface
      sha256: "7e7496a8a9d8136859b8881affc613c4a21304afeb6c324bcefc4bd0aff6b94b"
      url: "https://pub.dev"
    source: hosted
    version: "2.0.2"
  networker:
    dependency: "direct main"
    description:
      path: "packages/networker/networker"
      ref: "54d35ef572172ac74d853d47af0140a89b36d714"
      resolved-ref: "54d35ef572172ac74d853d47af0140a89b36d714"
      url: "https://github.com/LinwoodDev/dart_pkgs.git"
    source: git
    version: "1.0.0"
  networker_crypto:
    dependency: transitive
    description:
      path: "packages/networker/networker_crypto"
      ref: "12e0f6d0071deb7a68274dfc13f9e36360432eff"
      resolved-ref: "12e0f6d0071deb7a68274dfc13f9e36360432eff"
      url: "https://github.com/LinwoodDev/dart_pkgs.git"
    source: git
    version: "1.0.0"
  networker_socket:
    dependency: "direct main"
    description:
      path: "packages/networker/networker_socket"
      ref: "1ab8146be49b208ba5890935561b93af71702858"
      resolved-ref: "1ab8146be49b208ba5890935561b93af71702858"
      url: "https://github.com/LinwoodDev/dart_pkgs.git"
    source: git
    version: "1.0.0"
  nm:
    dependency: transitive
    description:
      name: nm
      sha256: "2c9aae4127bdc8993206464fcc063611e0e36e72018696cd9631023a31b24254"
      url: "https://pub.dev"
    source: hosted
    version: "0.5.0"
  objective_c:
    dependency: transitive
    description:
      name: objective_c
      sha256: "100a1c87616ab6ed41ec263b083c0ef3261ee6cd1dc3b0f35f8ddfa4f996fe52"
      url: "https://pub.dev"
    source: hosted
    version: "9.3.0"
  ordered_set:
    dependency: transitive
    description:
      name: ordered_set
      sha256: d6c1d053a533e84931a388cbf03f1ad21a0543bf06c7a281859d3ffacd8e15f2
      url: "https://pub.dev"
    source: hosted
    version: "8.0.0"
  package_config:
    dependency: transitive
    description:
      name: package_config
      sha256: f096c55ebb7deb7e384101542bfba8c52696c1b56fca2eb62827989ef2353bbc
      url: "https://pub.dev"
    source: hosted
    version: "2.2.0"
  package_info_plus:
    dependency: "direct main"
    description:
      name: package_info_plus
      sha256: f69da0d3189a4b4ceaeb1a3defb0f329b3b352517f52bed4290f83d4f06bc08d
      url: "https://pub.dev"
    source: hosted
    version: "9.0.0"
  package_info_plus_platform_interface:
    dependency: transitive
    description:
      name: package_info_plus_platform_interface
      sha256: "202a487f08836a592a6bd4f901ac69b3a8f146af552bbd14407b6b41e1c3f086"
      url: "https://pub.dev"
    source: hosted
    version: "3.2.1"
  path:
    dependency: transitive
    description:
      name: path
      sha256: "75cca69d1490965be98c73ceaea117e8a04dd21217b37b292c9ddbec0d955bc5"
      url: "https://pub.dev"
    source: hosted
    version: "1.9.1"
  path_parsing:
    dependency: transitive
    description:
      name: path_parsing
      sha256: "883402936929eac138ee0a45da5b0f2c80f89913e6dc3bf77eb65b84b409c6ca"
      url: "https://pub.dev"
    source: hosted
    version: "1.1.0"
  path_provider:
    dependency: "direct main"
    description:
      name: path_provider
      sha256: "50c5dd5b6e1aaf6fb3a78b33f6aa3afca52bf903a8a5298f53101fdaee55bbcd"
      url: "https://pub.dev"
    source: hosted
    version: "2.1.5"
  path_provider_android:
    dependency: transitive
    description:
      name: path_provider_android
      sha256: f2c65e21139ce2c3dad46922be8272bb5963516045659e71bb16e151c93b580e
      url: "https://pub.dev"
    source: hosted
    version: "2.2.22"
  path_provider_foundation:
    dependency: transitive
    description:
      name: path_provider_foundation
      sha256: "2a376b7d6392d80cd3705782d2caa734ca4727776db0b6ec36ef3f1855197699"
      url: "https://pub.dev"
    source: hosted
    version: "2.6.0"
  path_provider_linux:
    dependency: transitive
    description:
      name: path_provider_linux
      sha256: f7a1fe3a634fe7734c8d3f2766ad746ae2a2884abe22e241a8b301bf5cac3279
      url: "https://pub.dev"
    source: hosted
    version: "2.2.1"
  path_provider_platform_interface:
    dependency: transitive
    description:
      name: path_provider_platform_interface
      sha256: "88f5779f72ba699763fa3a3b06aa4bf6de76c8e5de842cf6f29e2e06476c2334"
      url: "https://pub.dev"
    source: hosted
    version: "2.1.2"
  path_provider_windows:
    dependency: transitive
    description:
      name: path_provider_windows
      sha256: bd6f00dbd873bfb70d0761682da2b3a2c2fccc2b9e84c495821639601d81afe7
      url: "https://pub.dev"
    source: hosted
    version: "2.3.0"
  petitparser:
    dependency: transitive
    description:
      name: petitparser
      sha256: "91bd59303e9f769f108f8df05e371341b15d59e995e6806aefab827b58336675"
      url: "https://pub.dev"
    source: hosted
    version: "7.0.2"
  phosphor_flutter:
    dependency: "direct main"
    description:
      name: phosphor_flutter
      sha256: "8a14f238f28a0b54842c5a4dc20676598dd4811fcba284ed828bd5a262c11fde"
      url: "https://pub.dev"
    source: hosted
    version: "2.1.0"
  platform:
    dependency: transitive
    description:
      name: platform
      sha256: "5d6b1b0036a5f331ebc77c850ebc8506cbc1e9416c27e59b439f917a902a4984"
      url: "https://pub.dev"
    source: hosted
    version: "3.1.6"
  plugin_platform_interface:
    dependency: transitive
    description:
      name: plugin_platform_interface
      sha256: "4820fbfdb9478b1ebae27888254d445073732dae3d6ea81f0b7e06d5dedc3f02"
      url: "https://pub.dev"
    source: hosted
    version: "2.1.8"
  pool:
    dependency: transitive
    description:
      name: pool
      sha256: "978783255c543aa3586a1b3c21f6e9d720eb315376a915872c61ef8b5c20177d"
      url: "https://pub.dev"
    source: hosted
    version: "1.5.2"
  posix:
    dependency: transitive
    description:
      name: posix
      sha256: "185ef7606574f789b40f289c233efa52e96dead518aed988e040a10737febb07"
      url: "https://pub.dev"
    source: hosted
    version: "6.5.0"
  provider:
    dependency: transitive
    description:
      name: provider
      sha256: "4e82183fa20e5ca25703ead7e05de9e4cceed1fbd1eadc1ac3cb6f565a09f272"
      url: "https://pub.dev"
    source: hosted
    version: "6.1.5+1"
  pub_semver:
    dependency: transitive
    description:
      name: pub_semver
      sha256: "5bfcf68ca79ef689f8990d1160781b4bad40a3bd5e5218ad4076ddb7f4081585"
      url: "https://pub.dev"
    source: hosted
    version: "2.2.0"
  pubspec_parse:
    dependency: transitive
    description:
      name: pubspec_parse
      sha256: "0560ba233314abbed0a48a2956f7f022cce7c3e1e73df540277da7544cad4082"
      url: "https://pub.dev"
    source: hosted
    version: "1.5.0"
  qr:
    dependency: transitive
    description:
      name: qr
      sha256: "5a1d2586170e172b8a8c8470bbbffd5eb0cd38a66c0d77155ea138d3af3a4445"
      url: "https://pub.dev"
    source: hosted
    version: "3.0.2"
  rxdart:
    dependency: "direct main"
    description:
      name: rxdart
      sha256: "5c3004a4a8dbb94bd4bf5412a4def4acdaa12e12f269737a5751369e12d1a962"
      url: "https://pub.dev"
    source: hosted
    version: "0.28.0"
  screen_retriever:
    dependency: transitive
    description:
      name: screen_retriever
      sha256: "570dbc8e4f70bac451e0efc9c9bb19fa2d6799a11e6ef04f946d7886d2e23d0c"
      url: "https://pub.dev"
    source: hosted
    version: "0.2.0"
  screen_retriever_linux:
    dependency: transitive
    description:
      name: screen_retriever_linux
      sha256: f7f8120c92ef0784e58491ab664d01efda79a922b025ff286e29aa123ea3dd18
      url: "https://pub.dev"
    source: hosted
    version: "0.2.0"
  screen_retriever_macos:
    dependency: transitive
    description:
      name: screen_retriever_macos
      sha256: "71f956e65c97315dd661d71f828708bd97b6d358e776f1a30d5aa7d22d78a149"
      url: "https://pub.dev"
    source: hosted
    version: "0.2.0"
  screen_retriever_platform_interface:
    dependency: transitive
    description:
      name: screen_retriever_platform_interface
      sha256: ee197f4581ff0d5608587819af40490748e1e39e648d7680ecf95c05197240c0
      url: "https://pub.dev"
    source: hosted
    version: "0.2.0"
  screen_retriever_windows:
    dependency: transitive
    description:
      name: screen_retriever_windows
      sha256: "449ee257f03ca98a57288ee526a301a430a344a161f9202b4fcc38576716fe13"
      url: "https://pub.dev"
    source: hosted
    version: "0.2.0"
  scroll_to_index:
    dependency: transitive
    description:
      name: scroll_to_index
      sha256: b707546e7500d9f070d63e5acf74fd437ec7eeeb68d3412ef7b0afada0b4f176
      url: "https://pub.dev"
    source: hosted
    version: "3.0.1"
  sembast:
    dependency: transitive
    description:
      name: sembast
      sha256: "139cf71496105de32e7a08a4e3a1ead0f81c4a616ec9703ed07e8f0d10cdd505"
      url: "https://pub.dev"
    source: hosted
    version: "3.8.6"
  setonix_api:
    dependency: "direct main"
    description:
      path: "../api"
      relative: true
    source: path
    version: "0.6.1"
  setonix_plugin:
    dependency: "direct main"
    description:
      path: "../plugin"
      relative: true
    source: path
    version: "1.0.0"
  share_plus:
    dependency: transitive
    description:
      name: share_plus
      sha256: "14c8860d4de93d3a7e53af51bff479598c4e999605290756bbbe45cf65b37840"
      url: "https://pub.dev"
    source: hosted
    version: "12.0.1"
  share_plus_platform_interface:
    dependency: transitive
    description:
      name: share_plus_platform_interface
      sha256: "88023e53a13429bd65d8e85e11a9b484f49d4c190abbd96c7932b74d6927cc9a"
      url: "https://pub.dev"
    source: hosted
    version: "6.1.0"
  shared_preferences:
    dependency: "direct main"
    description:
      name: shared_preferences
      sha256: "2939ae520c9024cb197fc20dee269cd8cdbf564c8b5746374ec6cacdc5169e64"
      url: "https://pub.dev"
    source: hosted
    version: "2.5.4"
  shared_preferences_android:
    dependency: transitive
    description:
      name: shared_preferences_android
      sha256: "8374d6200ab33ac99031a852eba4c8eb2170c4bf20778b3e2c9eccb45384fb41"
      url: "https://pub.dev"
    source: hosted
    version: "2.4.21"
  shared_preferences_foundation:
    dependency: transitive
    description:
      name: shared_preferences_foundation
      sha256: "4e7eaffc2b17ba398759f1151415869a34771ba11ebbccd1b0145472a619a64f"
      url: "https://pub.dev"
    source: hosted
    version: "2.5.6"
  shared_preferences_linux:
    dependency: transitive
    description:
      name: shared_preferences_linux
      sha256: "580abfd40f415611503cae30adf626e6656dfb2f0cee8f465ece7b6defb40f2f"
      url: "https://pub.dev"
    source: hosted
    version: "2.4.1"
  shared_preferences_platform_interface:
    dependency: transitive
    description:
      name: shared_preferences_platform_interface
      sha256: "57cbf196c486bc2cf1f02b85784932c6094376284b3ad5779d1b1c6c6a816b80"
      url: "https://pub.dev"
    source: hosted
    version: "2.4.1"
  shared_preferences_web:
    dependency: transitive
    description:
      name: shared_preferences_web
      sha256: c49bd060261c9a3f0ff445892695d6212ff603ef3115edbb448509d407600019
      url: "https://pub.dev"
    source: hosted
    version: "2.4.3"
  shared_preferences_windows:
    dependency: transitive
    description:
      name: shared_preferences_windows
      sha256: "94ef0f72b2d71bc3e700e025db3710911bd51a71cefb65cc609dd0d9a982e3c1"
      url: "https://pub.dev"
    source: hosted
    version: "2.4.1"
  shelf:
    dependency: transitive
    description:
      name: shelf
      sha256: e7dd780a7ffb623c57850b33f43309312fc863fb6aa3d276a754bb299839ef12
      url: "https://pub.dev"
    source: hosted
    version: "1.4.2"
  shelf_web_socket:
    dependency: transitive
    description:
      name: shelf_web_socket
      sha256: "3632775c8e90d6c9712f883e633716432a27758216dfb61bd86a8321c0580925"
      url: "https://pub.dev"
    source: hosted
    version: "3.0.0"
  sky_engine:
    dependency: transitive
    description: flutter
    source: sdk
    version: "0.0.0"
  source_gen:
    dependency: transitive
    description:
      name: source_gen
      sha256: adc962c96fffb2de1728ef396a995aaedcafbe635abdca13d2a987ce17e57751
      url: "https://pub.dev"
    source: hosted
    version: "4.2.1"
  source_span:
    dependency: transitive
    description:
      name: source_span
      sha256: "56a02f1f4cd1a2d96303c0144c93bd6d909eea6bee6bf5a0e0b685edbd4c47ab"
      url: "https://pub.dev"
    source: hosted
    version: "1.10.2"
  stack_trace:
    dependency: transitive
    description:
      name: stack_trace
      sha256: "8b27215b45d22309b5cddda1aa2b19bdfec9df0e765f2de506401c071d38d1b1"
      url: "https://pub.dev"
    source: hosted
    version: "1.12.1"
  stream_channel:
    dependency: transitive
    description:
      name: stream_channel
      sha256: "969e04c80b8bcdf826f8f16579c7b14d780458bd97f56d107d3950fdbeef059d"
      url: "https://pub.dev"
    source: hosted
    version: "2.1.4"
  stream_transform:
    dependency: transitive
    description:
      name: stream_transform
      sha256: ad47125e588cfd37a9a7f86c7d6356dde8dfe89d071d293f80ca9e9273a33871
      url: "https://pub.dev"
    source: hosted
    version: "2.1.1"
  string_scanner:
    dependency: transitive
    description:
      name: string_scanner
      sha256: "921cd31725b72fe181906c6a94d987c78e3b98c2e205b397ea399d4054872b43"
      url: "https://pub.dev"
    source: hosted
    version: "1.4.1"
  swamp_api:
    dependency: "direct main"
    description:
      path: api
      ref: "88af0f2fe2a99e0cf121662f9fb87ed6deef7987"
      resolved-ref: "88af0f2fe2a99e0cf121662f9fb87ed6deef7987"
      url: "https://github.com/LinwoodDev/Swamp.git"
    source: git
    version: "0.2.0"
  synchronized:
    dependency: transitive
    description:
      name: synchronized
      sha256: c254ade258ec8282947a0acbbc90b9575b4f19673533ee46f2f6e9b3aeefd7c0
      url: "https://pub.dev"
    source: hosted
    version: "3.4.0"
  term_glyph:
    dependency: transitive
    description:
      name: term_glyph
      sha256: "7f554798625ea768a7518313e58f83891c7f5024f88e46e7182a4558850a4b8e"
      url: "https://pub.dev"
    source: hosted
    version: "1.2.2"
  test_api:
    dependency: transitive
    description:
      name: test_api
      sha256: "8161c84903fd860b26bfdefb7963b3f0b68fee7adea0f59ef805ecca346f0c7a"
      url: "https://pub.dev"
    source: hosted
    version: "0.7.10"
  tiled:
    dependency: transitive
    description:
      name: tiled
      sha256: f321ce0f27d103527b0d66878c60d9b000ce16c4ef4ae3ce77ce6f5ba4cf5db0
      url: "https://pub.dev"
    source: hosted
    version: "0.11.1"
  type_plus:
    dependency: transitive
    description:
      name: type_plus
      sha256: d5d1019471f0d38b91603adb9b5fd4ce7ab903c879d2fbf1a3f80a630a03fcc9
      url: "https://pub.dev"
    source: hosted
    version: "2.1.1"
  typed_data:
    dependency: transitive
    description:
      name: typed_data
      sha256: f9049c039ebfeb4cf7a7104a675823cd72dba8297f264b6637062516699fa006
      url: "https://pub.dev"
    source: hosted
    version: "1.4.0"
  url_launcher:
    dependency: "direct main"
    description:
      name: url_launcher
      sha256: f6a7e5c4835bb4e3026a04793a4199ca2d14c739ec378fdfe23fc8075d0439f8
      url: "https://pub.dev"
    source: hosted
    version: "6.3.2"
  url_launcher_android:
    dependency: transitive
    description:
      name: url_launcher_android
      sha256: "767344bf3063897b5cf0db830e94f904528e6dd50a6dfaf839f0abf509009611"
      url: "https://pub.dev"
    source: hosted
    version: "6.3.28"
  url_launcher_ios:
    dependency: transitive
    description:
      name: url_launcher_ios
      sha256: "580fe5dfb51671ae38191d316e027f6b76272b026370708c2d898799750a02b0"
      url: "https://pub.dev"
    source: hosted
    version: "6.4.1"
  url_launcher_linux:
    dependency: transitive
    description:
      name: url_launcher_linux
      sha256: d5e14138b3bc193a0f63c10a53c94b91d399df0512b1f29b94a043db7482384a
      url: "https://pub.dev"
    source: hosted
    version: "3.2.2"
  url_launcher_macos:
    dependency: transitive
    description:
      name: url_launcher_macos
      sha256: "368adf46f71ad3c21b8f06614adb38346f193f3a59ba8fe9a2fd74133070ba18"
      url: "https://pub.dev"
    source: hosted
    version: "3.2.5"
  url_launcher_platform_interface:
    dependency: transitive
    description:
      name: url_launcher_platform_interface
      sha256: "552f8a1e663569be95a8190206a38187b531910283c3e982193e4f2733f01029"
      url: "https://pub.dev"
    source: hosted
    version: "2.3.2"
  url_launcher_web:
    dependency: transitive
    description:
      name: url_launcher_web
      sha256: d0412fcf4c6b31ecfdb7762359b7206ffba3bbffd396c6d9f9c4616ece476c1f
      url: "https://pub.dev"
    source: hosted
    version: "2.4.2"
  url_launcher_windows:
    dependency: transitive
    description:
      name: url_launcher_windows
      sha256: "712c70ab1b99744ff066053cbe3e80c73332b38d46e5e945c98689b2e66fc15f"
      url: "https://pub.dev"
    source: hosted
    version: "3.1.5"
  uuid:
    dependency: transitive
    description:
      name: uuid
      sha256: "1fef9e8e11e2991bb773070d4656b7bd5d850967a2456cfc83cf47925ba79489"
      url: "https://pub.dev"
    source: hosted
    version: "4.5.3"
  vector_graphics:
    dependency: transitive
    description:
      name: vector_graphics
      sha256: "7076216a10d5c390315fbe536a30f1254c341e7543e6c4c8a815e591307772b1"
      url: "https://pub.dev"
    source: hosted
    version: "1.1.20"
  vector_graphics_codec:
    dependency: transitive
    description:
      name: vector_graphics_codec
      sha256: "99fd9fbd34d9f9a32efd7b6a6aae14125d8237b10403b422a6a6dfeac2806146"
      url: "https://pub.dev"
    source: hosted
    version: "1.1.13"
  vector_graphics_compiler:
    dependency: transitive
    description:
      name: vector_graphics_compiler
      sha256: "5a88dd14c0954a5398af544651c7fb51b457a2a556949bfb25369b210ef73a74"
      url: "https://pub.dev"
    source: hosted
    version: "1.2.0"
  vector_math:
    dependency: transitive
    description:
      name: vector_math
      sha256: d530bd74fea330e6e364cda7a85019c434070188383e1cd8d9777ee586914c5b
      url: "https://pub.dev"
    source: hosted
    version: "2.2.0"
  visibility_detector:
    dependency: transitive
    description:
      name: visibility_detector
      sha256: dd5cc11e13494f432d15939c3aa8ae76844c42b723398643ce9addb88a5ed420
      url: "https://pub.dev"
    source: hosted
    version: "0.4.0+2"
  vm_service:
    dependency: transitive
    description:
      name: vm_service
      sha256: "45caa6c5917fa127b5dbcfbd1fa60b14e583afdc08bfc96dda38886ca252eb60"
      url: "https://pub.dev"
    source: hosted
    version: "15.0.2"
  watcher:
    dependency: transitive
    description:
      name: watcher
      sha256: "1398c9f081a753f9226febe8900fce8f7d0a67163334e1c94a2438339d79d635"
      url: "https://pub.dev"
    source: hosted
    version: "1.2.1"
  web:
    dependency: transitive
    description:
      name: web
      sha256: "868d88a33d8a87b18ffc05f9f030ba328ffefba92d6c127917a2ba740f9cfe4a"
      url: "https://pub.dev"
    source: hosted
    version: "1.1.1"
  web_socket:
    dependency: transitive
    description:
      name: web_socket
      sha256: "34d64019aa8e36bf9842ac014bb5d2f5586ca73df5e4d9bf5c936975cae6982c"
      url: "https://pub.dev"
    source: hosted
    version: "1.0.1"
  web_socket_channel:
    dependency: "direct main"
    description:
      name: web_socket_channel
      sha256: d645757fb0f4773d602444000a8131ff5d48c9e47adfe9772652dd1a4f2d45c8
      url: "https://pub.dev"
    source: hosted
    version: "3.0.3"
  win32:
    dependency: transitive
    description:
      name: win32
      sha256: d7cb55e04cd34096cd3a79b3330245f54cb96a370a1c27adb3c84b917de8b08e
      url: "https://pub.dev"
    source: hosted
    version: "5.15.0"
  win32_registry:
    dependency: transitive
    description:
      name: win32_registry
      sha256: "6f1b564492d0147b330dd794fee8f512cec4977957f310f9951b5f9d83618dae"
      url: "https://pub.dev"
    source: hosted
    version: "2.1.0"
  window_manager:
    dependency: "direct main"
    description:
      name: window_manager
      sha256: "7eb6d6c4164ec08e1bf978d6e733f3cebe792e2a23fb07cbca25c2872bfdbdcd"
      url: "https://pub.dev"
    source: hosted
    version: "0.5.1"
  xdg_directories:
    dependency: transitive
    description:
      name: xdg_directories
      sha256: "7a3f37b05d989967cdddcbb571f1ea834867ae2faa29725fd085180e0883aa15"
      url: "https://pub.dev"
    source: hosted
    version: "1.1.0"
  xml:
    dependency: transitive
    description:
      name: xml
      sha256: "971043b3a0d3da28727e40ed3e0b5d18b742fa5a68665cca88e74b7876d5e025"
      url: "https://pub.dev"
    source: hosted
    version: "6.6.1"
  yaml:
    dependency: transitive
    description:
      name: yaml
      sha256: b9da305ac7c39faa3f030eccd175340f968459dae4af175130b3fc47e40d76ce
      url: "https://pub.dev"
    source: hosted
    version: "3.1.3"
sdks:
  dart: ">=3.11.0 <4.0.0"
  flutter: ">=3.41.5"
